
Microsoft Visual Studio Solution File, Format Version 12.00
# Visual Studio 14
VisualStudioVersion = 14.0.25420.1
MinimumVisualStudioVersion = 10.0.40219.1
Project("{FAE04EC0-301F-11D3-BF4B-00C04F79EFBC}") = "SeleniumAutomationFramework.Common", "SeleniumAutomationFramework.Common\SeleniumAutomationFramework.Common.csproj", "{BD514801-F1A0-44AD-A83C-3308374BF387}"
EndProject
Project("{FAE04EC0-301F-11D3-BF4B-00C04F79EFBC}") = "SeleniumAutomationFramework.Drivers", "SeleniumAutomationFramework.Drivers\SeleniumAutomationFramework.Drivers.csproj", "{1E23CDF1-1E06-4A59-BA55-EDA415EB6FBF}"
EndProject
Project("{FAE04EC0-301F-11D3-BF4B-00C04F79EFBC}") = "SeleniumAutomationFramework.PageObjects", "SeleniumAutomationFramework.PageObjects\SeleniumAutomationFramework.PageObjects.csproj", "{8771F352-D635-477C-8529-4CF3BA11E07B}"
EndProject
Project("{FAE04EC0-301F-11D3-BF4B-00C04F79EFBC}") = "SeleniumAutomationFramework.Specs", "SeleniumAutomationFramework.Specs\SeleniumAutomationFramework.Specs.csproj", "{51E9D6BC-CA18-447F-B57A-793CFD1F639A}"
EndProject
Global
	GlobalSection(SolutionConfigurationPlatforms) = preSolution
		Debug|Any CPU = Debug|Any CPU
		Release|Any CPU = Release|Any CPU
	EndGlobalSection
	GlobalSection(ProjectConfigurationPlatforms) = postSolution
		{BD514801-F1A0-44AD-A83C-3308374BF387}.Debug|Any CPU.ActiveCfg = Debug|Any CPU
		{BD514801-F1A0-44AD-A83C-3308374BF387}.Debug|Any CPU.Build.0 = Debug|Any CPU
		{BD514801-F1A0-44AD-A83C-3308374BF387}.Release|Any CPU.ActiveCfg = Release|Any CPU
		{BD514801-F1A0-44AD-A83C-3308374BF387}.Release|Any CPU.Build.0 = Release|Any CPU
		{1E23CDF1-1E06-4A59-BA55-EDA415EB6FBF}.Debug|Any CPU.ActiveCfg = Debug|Any CPU
		{1E23CDF1-1E06-4A59-BA55-EDA415EB6FBF}.Debug|Any CPU.Build.0 = Debug|Any CPU
		{1E23CDF1-1E06-4A59-BA55-EDA415EB6FBF}.Release|Any CPU.ActiveCfg = Release|Any CPU
		{1E23CDF1-1E06-4A59-BA55-EDA415EB6FBF}.Release|Any CPU.Build.0 = Release|Any CPU
		{8771F352-D635-477C-8529-4CF3BA11E07B}.Debug|Any CPU.ActiveCfg = Debug|Any CPU
		{8771F352-D635-477C-8529-4CF3BA11E07B}.Debug|Any CPU.Build.0 = Debug|Any CPU
		{8771F352-D635-477C-8529-4CF3BA11E07B}.Release|Any CPU.ActiveCfg = Release|Any CPU
		{8771F352-D635-477C-8529-4CF3BA11E07B}.Release|Any CPU.Build.0 = Release|Any CPU
		{51E9D6BC-CA18-447F-B57A-793CFD1F639A}.Debug|Any CPU.ActiveCfg = Debug|Any CPU
		{51E9D6BC-CA18-447F-B57A-793CFD1F639A}.Debug|Any CPU.Build.0 = Debug|Any CPU
		{51E9D6BC-CA18-447F-B57A-793CFD1F639A}.Release|Any CPU.ActiveCfg = Release|Any CPU
		{51E9D6BC-CA18-447F-B57A-793CFD1F639A}.Release|Any CPU.Build.0 = Release|Any CPU
	EndGlobalSection
	GlobalSection(SolutionProperties) = preSolution
		HideSolutionNode = FALSE
	EndGlobalSection
EndGlobal
